{
  "version": 4,
  "terraform_version": "1.9.6",
  "serial": 6,
  "lineage": "09424abf-b503-75f1-21b6-2ae8d994e471",
  "outputs": {},
  "resources": [
    {
      "mode": "data",
      "type": "aws_iam_role",
      "name": "labRole",
      "provider": "provider[\"registry.terraform.io/hashicorp/aws\"]",
      "instances": [
        {
          "schema_version": 0,
          "attributes": {
            "arn": "arn:aws:iam::080963086121:role/LabRole",
            "assume_role_policy": "{\"Version\":\"2012-10-17\",\"Statement\":[{\"Effect\":\"Allow\",\"Principal\":{\"AWS\":\"arn:aws:iam::080963086121:role/LabRole\",\"Service\":[\"backup.amazonaws.com\",\"kinesisanalytics.amazonaws.com\",\"pipes.amazonaws.com\",\"forecast.amazonaws.com\",\"cognito-idp.amazonaws.com\",\"servicecatalog.amazonaws.com\",\"rds.amazonaws.com\",\"eks-fargate-pods.amazonaws.com\",\"events.amazonaws.com\",\"apigateway.amazonaws.com\",\"deepracer.amazonaws.com\",\"elasticmapreduce.amazonaws.com\",\"firehose.amazonaws.com\",\"kms.amazonaws.com\",\"rekognition.amazonaws.com\",\"application-autoscaling.amazonaws.com\",\"elasticloadbalancing.amazonaws.com\",\"cloudformation.amazonaws.com\",\"ec2.application-autoscaling.amazonaws.com\",\"dynamodb.amazonaws.com\",\"ssm.amazonaws.com\",\"elasticfilesystem.amazonaws.com\",\"sagemaker.amazonaws.com\",\"secretsmanager.amazonaws.com\",\"databrew.amazonaws.com\",\"ecs.amazonaws.com\",\"kinesis.amazonaws.com\",\"redshift.amazonaws.com\",\"s3.amazonaws.com\",\"sns.amazonaws.com\",\"iotanalytics.amazonaws.com\",\"cloud9.amazonaws.com\",\"logs.amazonaws.com\",\"credentials.iot.amazonaws.com\",\"sqs.amazonaws.com\",\"codedeploy.amazonaws.com\",\"eks.amazonaws.com\",\"codewhisperer.amazonaws.com\",\"glue.amazonaws.com\",\"iotevents.amazonaws.com\",\"athena.amazonaws.com\",\"ec2.amazonaws.com\",\"cloudtrail.amazonaws.com\",\"codecommit.amazonaws.com\",\"lambda.amazonaws.com\",\"ecs-tasks.amazonaws.com\",\"iot.amazonaws.com\",\"resource-groups.amazonaws.com\",\"elasticbeanstalk.amazonaws.com\",\"autoscaling.amazonaws.com\",\"states.amazonaws.com\",\"batch.amazonaws.com\",\"scheduler.amazonaws.com\"]},\"Action\":\"sts:AssumeRole\"}]}",
            "create_date": "2024-09-17T14:13:32Z",
            "description": "",
            "id": "labRole",
            "max_session_duration": 3600,
            "name": "LabRole",
            "path": "/",
            "permissions_boundary": "",
            "role_last_used": [
              {
                "last_used_date": "",
                "region": ""
              }
            ],
            "tags": {
              "cloudlab": "c129145a3272732l7613320t1w080963086121"
            },
            "unique_id": "AROARFWOGU4UU7SMIEJ6Q"
          },
          "sensitive_attributes": []
        }
      ]
    },
    {
      "mode": "data",
      "type": "aws_subnet",
      "name": "subnet",
      "provider": "provider[\"registry.terraform.io/hashicorp/aws\"]",
      "instances": [
        {
          "index_key": "subnet-031ce921d70f2249c",
          "schema_version": 0,
          "attributes": {
            "arn": "arn:aws:ec2:us-east-1:080963086121:subnet/subnet-031ce921d70f2249c",
            "assign_ipv6_address_on_creation": false,
            "availability_zone": "us-east-1a",
            "availability_zone_id": "use1-az1",
            "available_ip_address_count": 4091,
            "cidr_block": "172.31.0.0/20",
            "customer_owned_ipv4_pool": "",
            "default_for_az": true,
            "enable_dns64": false,
            "enable_lni_at_device_index": 0,
            "enable_resource_name_dns_a_record_on_launch": false,
            "enable_resource_name_dns_aaaa_record_on_launch": false,
            "filter": null,
            "id": "subnet-031ce921d70f2249c",
            "ipv6_cidr_block": "",
            "ipv6_cidr_block_association_id": "",
            "ipv6_native": false,
            "map_customer_owned_ip_on_launch": false,
            "map_public_ip_on_launch": true,
            "outpost_arn": "",
            "owner_id": "080963086121",
            "private_dns_hostname_type_on_launch": "ip-name",
            "state": "available",
            "tags": {},
            "timeouts": null,
            "vpc_id": "vpc-05a12cd955e5f3085"
          },
          "sensitive_attributes": []
        },
        {
          "index_key": "subnet-05594cea884ae3341",
          "schema_version": 0,
          "attributes": {
            "arn": "arn:aws:ec2:us-east-1:080963086121:subnet/subnet-05594cea884ae3341",
            "assign_ipv6_address_on_creation": false,
            "availability_zone": "us-east-1e",
            "availability_zone_id": "use1-az3",
            "available_ip_address_count": 4091,
            "cidr_block": "172.31.48.0/20",
            "customer_owned_ipv4_pool": "",
            "default_for_az": true,
            "enable_dns64": false,
            "enable_lni_at_device_index": 0,
            "enable_resource_name_dns_a_record_on_launch": false,
            "enable_resource_name_dns_aaaa_record_on_launch": false,
            "filter": null,
            "id": "subnet-05594cea884ae3341",
            "ipv6_cidr_block": "",
            "ipv6_cidr_block_association_id": "",
            "ipv6_native": false,
            "map_customer_owned_ip_on_launch": false,
            "map_public_ip_on_launch": true,
            "outpost_arn": "",
            "owner_id": "080963086121",
            "private_dns_hostname_type_on_launch": "ip-name",
            "state": "available",
            "tags": {},
            "timeouts": null,
            "vpc_id": "vpc-05a12cd955e5f3085"
          },
          "sensitive_attributes": []
        },
        {
          "index_key": "subnet-080f817f66ccb4cd9",
          "schema_version": 0,
          "attributes": {
            "arn": "arn:aws:ec2:us-east-1:080963086121:subnet/subnet-080f817f66ccb4cd9",
            "assign_ipv6_address_on_creation": false,
            "availability_zone": "us-east-1d",
            "availability_zone_id": "use1-az6",
            "available_ip_address_count": 4091,
            "cidr_block": "172.31.32.0/20",
            "customer_owned_ipv4_pool": "",
            "default_for_az": true,
            "enable_dns64": false,
            "enable_lni_at_device_index": 0,
            "enable_resource_name_dns_a_record_on_launch": false,
            "enable_resource_name_dns_aaaa_record_on_launch": false,
            "filter": null,
            "id": "subnet-080f817f66ccb4cd9",
            "ipv6_cidr_block": "",
            "ipv6_cidr_block_association_id": "",
            "ipv6_native": false,
            "map_customer_owned_ip_on_launch": false,
            "map_public_ip_on_launch": true,
            "outpost_arn": "",
            "owner_id": "080963086121",
            "private_dns_hostname_type_on_launch": "ip-name",
            "state": "available",
            "tags": {},
            "timeouts": null,
            "vpc_id": "vpc-05a12cd955e5f3085"
          },
          "sensitive_attributes": []
        },
        {
          "index_key": "subnet-081ce1b0b97ce9a1b",
          "schema_version": 0,
          "attributes": {
            "arn": "arn:aws:ec2:us-east-1:080963086121:subnet/subnet-081ce1b0b97ce9a1b",
            "assign_ipv6_address_on_creation": false,
            "availability_zone": "us-east-1f",
            "availability_zone_id": "use1-az5",
            "available_ip_address_count": 4091,
            "cidr_block": "172.31.64.0/20",
            "customer_owned_ipv4_pool": "",
            "default_for_az": true,
            "enable_dns64": false,
            "enable_lni_at_device_index": 0,
            "enable_resource_name_dns_a_record_on_launch": false,
            "enable_resource_name_dns_aaaa_record_on_launch": false,
            "filter": null,
            "id": "subnet-081ce1b0b97ce9a1b",
            "ipv6_cidr_block": "",
            "ipv6_cidr_block_association_id": "",
            "ipv6_native": false,
            "map_customer_owned_ip_on_launch": false,
            "map_public_ip_on_launch": true,
            "outpost_arn": "",
            "owner_id": "080963086121",
            "private_dns_hostname_type_on_launch": "ip-name",
            "state": "available",
            "tags": {},
            "timeouts": null,
            "vpc_id": "vpc-05a12cd955e5f3085"
          },
          "sensitive_attributes": []
        },
        {
          "index_key": "subnet-099d31c30b0a1f8ec",
          "schema_version": 0,
          "attributes": {
            "arn": "arn:aws:ec2:us-east-1:080963086121:subnet/subnet-099d31c30b0a1f8ec",
            "assign_ipv6_address_on_creation": false,
            "availability_zone": "us-east-1b",
            "availability_zone_id": "use1-az2",
            "available_ip_address_count": 4091,
            "cidr_block": "172.31.80.0/20",
            "customer_owned_ipv4_pool": "",
            "default_for_az": true,
            "enable_dns64": false,
            "enable_lni_at_device_index": 0,
            "enable_resource_name_dns_a_record_on_launch": false,
            "enable_resource_name_dns_aaaa_record_on_launch": false,
            "filter": null,
            "id": "subnet-099d31c30b0a1f8ec",
            "ipv6_cidr_block": "",
            "ipv6_cidr_block_association_id": "",
            "ipv6_native": false,
            "map_customer_owned_ip_on_launch": false,
            "map_public_ip_on_launch": true,
            "outpost_arn": "",
            "owner_id": "080963086121",
            "private_dns_hostname_type_on_launch": "ip-name",
            "state": "available",
            "tags": {},
            "timeouts": null,
            "vpc_id": "vpc-05a12cd955e5f3085"
          },
          "sensitive_attributes": []
        },
        {
          "index_key": "subnet-0b666bed308791812",
          "schema_version": 0,
          "attributes": {
            "arn": "arn:aws:ec2:us-east-1:080963086121:subnet/subnet-0b666bed308791812",
            "assign_ipv6_address_on_creation": false,
            "availability_zone": "us-east-1c",
            "availability_zone_id": "use1-az4",
            "available_ip_address_count": 4091,
            "cidr_block": "172.31.16.0/20",
            "customer_owned_ipv4_pool": "",
            "default_for_az": true,
            "enable_dns64": false,
            "enable_lni_at_device_index": 0,
            "enable_resource_name_dns_a_record_on_launch": false,
            "enable_resource_name_dns_aaaa_record_on_launch": false,
            "filter": null,
            "id": "subnet-0b666bed308791812",
            "ipv6_cidr_block": "",
            "ipv6_cidr_block_association_id": "",
            "ipv6_native": false,
            "map_customer_owned_ip_on_launch": false,
            "map_public_ip_on_launch": true,
            "outpost_arn": "",
            "owner_id": "080963086121",
            "private_dns_hostname_type_on_launch": "ip-name",
            "state": "available",
            "tags": {},
            "timeouts": null,
            "vpc_id": "vpc-05a12cd955e5f3085"
          },
          "sensitive_attributes": []
        }
      ]
    },
    {
      "mode": "data",
      "type": "aws_subnets",
      "name": "subnets",
      "provider": "provider[\"registry.terraform.io/hashicorp/aws\"]",
      "instances": [
        {
          "schema_version": 0,
          "attributes": {
            "filter": [
              {
                "name": "vpc-id",
                "values": [
                  "vpc-05a12cd955e5f3085"
                ]
              }
            ],
            "id": "us-east-1",
            "ids": [
              "subnet-05594cea884ae3341",
              "subnet-0b666bed308791812",
              "subnet-031ce921d70f2249c",
              "subnet-080f817f66ccb4cd9",
              "subnet-099d31c30b0a1f8ec",
              "subnet-081ce1b0b97ce9a1b"
            ],
            "tags": null,
            "timeouts": null
          },
          "sensitive_attributes": []
        }
      ]
    },
    {
      "mode": "data",
      "type": "aws_vpc",
      "name": "vpc",
      "provider": "provider[\"registry.terraform.io/hashicorp/aws\"]",
      "instances": [
        {
          "schema_version": 0,
          "attributes": {
            "arn": "arn:aws:ec2:us-east-1:080963086121:vpc/vpc-05a12cd955e5f3085",
            "cidr_block": "172.31.0.0/16",
            "cidr_block_associations": [
              {
                "association_id": "vpc-cidr-assoc-08d060325adbbfc40",
                "cidr_block": "172.31.0.0/16",
                "state": "associated"
              }
            ],
            "default": true,
            "dhcp_options_id": "dopt-0fe584139a273a6db",
            "enable_dns_hostnames": true,
            "enable_dns_support": true,
            "enable_network_address_usage_metrics": false,
            "filter": null,
            "id": "vpc-05a12cd955e5f3085",
            "instance_tenancy": "default",
            "ipv6_association_id": "",
            "ipv6_cidr_block": "",
            "main_route_table_id": "rtb-06f14d9ae85ac9ae7",
            "owner_id": "080963086121",
            "state": null,
            "tags": {},
            "timeouts": null
          },
          "sensitive_attributes": []
        }
      ]
    },
    {
      "mode": "managed",
      "type": "aws_eks_cluster",
      "name": "eks-cluster",
      "provider": "provider[\"registry.terraform.io/hashicorp/aws\"]",
      "instances": [
        {
          "schema_version": 1,
          "attributes": {
            "access_config": [
              {
                "authentication_mode": "API_AND_CONFIG_MAP",
                "bootstrap_cluster_creator_admin_permissions": false
              }
            ],
            "arn": "arn:aws:eks:us-east-1:080963086121:cluster/EKS_FIAP",
            "bootstrap_self_managed_addons": true,
            "certificate_authority": [
              {
                "data": "LS0tLS1CRUdJTiBDRVJUSUZJQ0FURS0tLS0tCk1JSURCVENDQWUyZ0F3SUJBZ0lJT2VTUmNQRjY4d2d3RFFZSktvWklodmNOQVFFTEJRQXdGVEVUTUJFR0ExVUUKQXhNS2EzVmlaWEp1WlhSbGN6QWVGdzB5TkRBNU1qZ3hOelU1TVRGYUZ3MHpOREE1TWpZeE9EQTBNVEZhTUJVeApFekFSQmdOVkJBTVRDbXQxWW1WeWJtVjBaWE13Z2dFaU1BMEdDU3FHU0liM0RRRUJBUVVBQTRJQkR3QXdnZ0VLCkFvSUJBUURxZmhZOW1xcU03bkUvdFlNUjEvNnhSaDQwWlFuUk9OM3FpM3BvaFFjbHR5M1VNUEdrZUZ5U0x1bE8KT1NPazdvTlRsWGV4eEVkY083THlNakZBR25pdWt6MTV3aHB1NTk1WHozR21GaTdIZ3Z2dCtaS292djZYcldnNAp5aWkxUStSaTNvMWkzbnJueFRSRlZYeDkybk5vWDBHbEl1VjE4NGkwcEl5bW1QK2ZiWThkTFp3WHAxdkpLb0tHCnczWjB4K0N4THRTMjJxR2Ivb3NwVnRmSjF5NFFYOFZUaUZ4SGtRSktWMzR6djlSeU1zTGI5ejBxcG1ZVGxNeDgKamZuaFE4VWZTbndlNGFoVEVPai9HMGV6T0s2U0grTm5vYVIyOTBMYXZQeUFSajVtOHpPV094MHhUMllPY0xHMQo0azYzMFFIZ0FZVXZRaXJuZXE1WWd1ejU2L2s1QWdNQkFBR2pXVEJYTUE0R0ExVWREd0VCL3dRRUF3SUNwREFQCkJnTlZIUk1CQWY4RUJUQURBUUgvTUIwR0ExVWREZ1FXQkJRUm5YN2Y1ZlVOeEthL2NPWFZqK0ZCMThabDJqQVYKQmdOVkhSRUVEakFNZ2dwcmRXSmxjbTVsZEdWek1BMEdDU3FHU0liM0RRRUJDd1VBQTRJQkFRQWIzZHY2MEE0Vgp4WThiRlZpYkFYVlo2S0t6RjJtQWMwMVdDa1dmY2djNTFYTEJ2djFDT0h0bUUvcFVwOTRST2N1YU12bjVPc0lECnlMVUtqL09rN3RzNDNSZkpZcDVlSmh3bHd1QVJFSGowM3JuS1VQVWdyTFQ5L3RmL045ZW1KSlROK1Y5ZWJpR0IKdkhoTjY1aENpQmx0U2NtYW1WRFg2N2ZwQ01uQjA3ZElLSFVGLzViWkF2SzdVcUprNFR5SGZiRHJydHlyYVU3TQpaVzNiOG5mUzhOejVOL2g0ZHk3OGl5Ylo3eURaOUx6UExtTGdrSy82SXVPekxqN0QvRTUwZ25kNGlBRzl6dHBwCmtJbFNxcld4anBHeTlVRE1TMkJjb3JMeWwzcm5Ga0RHUmIrNGUzOStNSG9ka0pTdnpYVkR4Syt4UkEvL0xNZXIKZmxPVURINHdVbmw5Ci0tLS0tRU5EIENFUlRJRklDQVRFLS0tLS0K"
              }
            ],
            "cluster_id": null,
            "created_at": "2024-09-28T18:00:00Z",
            "enabled_cluster_log_types": null,
            "encryption_config": [],
            "endpoint": "https://3CDA3E93B840F4D22BCF568A63769F5D.gr7.us-east-1.eks.amazonaws.com",
            "id": "EKS_FIAP",
            "identity": [
              {
                "oidc": [
                  {
                    "issuer": "https://oidc.eks.us-east-1.amazonaws.com/id/3CDA3E93B840F4D22BCF568A63769F5D"
                  }
                ]
              }
            ],
            "kubernetes_network_config": [
              {
                "ip_family": "ipv4",
                "service_ipv4_cidr": "10.100.0.0/16",
                "service_ipv6_cidr": ""
              }
            ],
            "name": "EKS_FIAP",
            "outpost_config": [],
            "platform_version": "eks.8",
            "role_arn": "arn:aws:iam::080963086121:role/LabRole",
            "status": "ACTIVE",
            "tags": null,
            "tags_all": {},
            "timeouts": null,
            "upgrade_policy": [
              {
                "support_type": "EXTENDED"
              }
            ],
            "version": "1.30",
            "vpc_config": [
              {
                "cluster_security_group_id": "sg-0642e5feaf7309bfc",
                "endpoint_private_access": false,
                "endpoint_public_access": true,
                "public_access_cidrs": [
                  "0.0.0.0/0"
                ],
                "security_group_ids": [
                  "sg-095ee70d800b5cf33"
                ],
                "subnet_ids": [
                  "subnet-031ce921d70f2249c",
                  "subnet-080f817f66ccb4cd9",
                  "subnet-081ce1b0b97ce9a1b",
                  "subnet-099d31c30b0a1f8ec",
                  "subnet-0b666bed308791812"
                ],
                "vpc_id": "vpc-05a12cd955e5f3085"
              }
            ]
          },
          "sensitive_attributes": [],
          "private": "eyJlMmJmYjczMC1lY2FhLTExZTYtOGY4OC0zNDM2M2JjN2M0YzAiOnsiY3JlYXRlIjoxODAwMDAwMDAwMDAwLCJkZWxldGUiOjkwMDAwMDAwMDAwMCwidXBkYXRlIjozNjAwMDAwMDAwMDAwfSwic2NoZW1hX3ZlcnNpb24iOiIxIn0=",
          "dependencies": [
            "aws_security_group.security-group",
            "data.aws_subnet.subnet",
            "data.aws_subnets.subnets",
            "data.aws_vpc.vpc"
          ]
        }
      ]
    },
    {
      "mode": "managed",
      "type": "aws_eks_node_group",
      "name": "eks-node",
      "provider": "provider[\"registry.terraform.io/hashicorp/aws\"]",
      "instances": [
        {
          "schema_version": 0,
          "attributes": {
            "ami_type": "AL2023_x86_64_STANDARD",
            "arn": "arn:aws:eks:us-east-1:080963086121:nodegroup/EKS_FIAP/fiap/0ac91ce8-2946-2668-2eaf-356e1780b130",
            "capacity_type": "ON_DEMAND",
            "cluster_name": "EKS_FIAP",
            "disk_size": 50,
            "force_update_version": null,
            "id": "EKS_FIAP:fiap",
            "instance_types": [
              "t3.medium"
            ],
            "labels": null,
            "launch_template": [],
            "node_group_name": "fiap",
            "node_group_name_prefix": "",
            "node_role_arn": "arn:aws:iam::080963086121:role/LabRole",
            "release_version": "1.30.4-20240924",
            "remote_access": [],
            "resources": [
              {
                "autoscaling_groups": [
                  {
                    "name": "eks-fiap-0ac91ce8-2946-2668-2eaf-356e1780b130"
                  }
                ],
                "remote_access_security_group_id": ""
              }
            ],
            "scaling_config": [
              {
                "desired_size": 2,
                "max_size": 2,
                "min_size": 1
              }
            ],
            "status": "ACTIVE",
            "subnet_ids": [
              "subnet-031ce921d70f2249c",
              "subnet-080f817f66ccb4cd9",
              "subnet-081ce1b0b97ce9a1b",
              "subnet-099d31c30b0a1f8ec",
              "subnet-0b666bed308791812"
            ],
            "tags": null,
            "tags_all": {},
            "taint": [],
            "timeouts": null,
            "update_config": [
              {
                "max_unavailable": 1,
                "max_unavailable_percentage": 0
              }
            ],
            "version": "1.30"
          },
          "sensitive_attributes": [],
          "private": "eyJlMmJmYjczMC1lY2FhLTExZTYtOGY4OC0zNDM2M2JjN2M0YzAiOnsiY3JlYXRlIjozNjAwMDAwMDAwMDAwLCJkZWxldGUiOjM2MDAwMDAwMDAwMDAsInVwZGF0ZSI6MzYwMDAwMDAwMDAwMH19",
          "dependencies": [
            "aws_eks_cluster.eks-cluster",
            "aws_security_group.security-group",
            "data.aws_subnet.subnet",
            "data.aws_subnets.subnets",
            "data.aws_vpc.vpc"
          ]
        }
      ]
    },
    {
      "mode": "managed",
      "type": "aws_security_group",
      "name": "security-group",
      "provider": "provider[\"registry.terraform.io/hashicorp/aws\"]",
      "instances": [
        {
          "schema_version": 1,
          "attributes": {
            "arn": "arn:aws:ec2:us-east-1:080963086121:security-group/sg-095ee70d800b5cf33",
            "description": "Usando EKS com 6/7SOAT",
            "egress": [
              {
                "cidr_blocks": [
                  "0.0.0.0/0"
                ],
                "description": "All",
                "from_port": 0,
                "ipv6_cidr_blocks": [],
                "prefix_list_ids": [],
                "protocol": "-1",
                "security_groups": [],
                "self": false,
                "to_port": 0
              }
            ],
            "id": "sg-095ee70d800b5cf33",
            "ingress": [
              {
                "cidr_blocks": [
                  "0.0.0.0/0"
                ],
                "description": "HTTP",
                "from_port": 80,
                "ipv6_cidr_blocks": [],
                "prefix_list_ids": [],
                "protocol": "tcp",
                "security_groups": [],
                "self": false,
                "to_port": 80
              }
            ],
            "name": "SG=EKS_FIAP",
            "name_prefix": "",
            "owner_id": "080963086121",
            "revoke_rules_on_delete": false,
            "tags": null,
            "tags_all": {},
            "timeouts": null,
            "vpc_id": "vpc-05a12cd955e5f3085"
          },
          "sensitive_attributes": [],
          "private": "eyJlMmJmYjczMC1lY2FhLTExZTYtOGY4OC0zNDM2M2JjN2M0YzAiOnsiY3JlYXRlIjo2MDAwMDAwMDAwMDAsImRlbGV0ZSI6OTAwMDAwMDAwMDAwfSwic2NoZW1hX3ZlcnNpb24iOiIxIn0=",
          "dependencies": [
            "data.aws_vpc.vpc"
          ]
        }
      ]
    }
  ],
  "check_results": null
}
